{
    __meta__ = {
        version = "1.0"
    },
    ["macosx|arm64"] = {
        ["cmake#31fecfc4"] = {
            repo = {
                branch = "master",
                commit = "e6867621fe3fc79693657c95209dc400ea2181ce",
                url = "https://github.com/xmake-io/xmake-repo.git"
            },
            version = "3.26.4"
        },
        ["cpr#31fecfc4"] = {
            repo = {
                branch = "master",
                commit = "e6867621fe3fc79693657c95209dc400ea2181ce",
                url = "https://github.com/xmake-io/xmake-repo.git"
            },
            version = "1.10.5"
        },
        ["freetype#31fecfc4"] = {
            repo = {
                branch = "master",
                commit = "e6867621fe3fc79693657c95209dc400ea2181ce",
                url = "https://github.com/xmake-io/xmake-repo.git"
            },
            version = "2.12.1"
        },
        ["libaesgm#31fecfc4"] = {
            repo = {
                branch = "master",
                commit = "e6867621fe3fc79693657c95209dc400ea2181ce",
                url = "https://github.com/xmake-io/xmake-repo.git"
            },
            version = "2013.1.1"
        },
        ["libcurl#31fecfc4"] = {
            repo = {
                branch = "master",
                commit = "e0d3bd857f8fcfbebf985c1a5dc52287597babbd",
                url = "https://github.com/xmake-io/xmake-repo.git"
            },
            version = "8.4.0"
        },
        ["libjpeg#31fecfc4"] = {
            repo = {
                branch = "master",
                commit = "e6867621fe3fc79693657c95209dc400ea2181ce",
                url = "https://github.com/xmake-io/xmake-repo.git"
            },
            version = "v9e"
        },
        ["libpng#31fecfc4"] = {
            repo = {
                branch = "master",
                commit = "15ad332bc1573ceda1afb06fd8696c31c5e09f36",
                url = "https://github.com/xmake-io/xmake-repo.git"
            },
            version = "v1.6.37"
        },
        ["tbox#31fecfc4"] = {
            repo = {
                branch = "master",
                commit = "e6867621fe3fc79693657c95209dc400ea2181ce",
                url = "https://github.com/xmake-io/xmake-repo.git"
            },
            version = "v1.7.5"
        },
    },
    ["windows|x64"] = {
        ["aqt#31fecfc4"] = {
            repo = {
                branch = "master",
                commit = "9ae52a09f605b50908f86c2b8fca62d63dc6e83e",
                url = "https://github.com/xmake-io/xmake-repo.git"
            },
            version = "3.1.6"
        },
        ["cmake#31fecfc4"] = {
            repo = {
                branch = "master",
                commit = "be832f2cace05fd467886c91313ca5e7e5598dce",
                url = "https://github.com/xmake-io/xmake-repo.git"
            },
            version = "3.26.4"
        },
        ["cpr#31fecfc4"] = {
            repo = {
                branch = "master",
                commit = "92b0ee334f4c5a4857e050d8f20da8469214e3dd",
                url = "https://github.com/xmake-io/xmake-repo.git"
            },
            version = "1.10.5"
        },
        ["freetype#31fecfc4"] = {
            repo = {
                branch = "master",
                commit = "be832f2cace05fd467886c91313ca5e7e5598dce",
                url = "https://github.com/xmake-io/xmake-repo.git"
            },
            version = "2.12.1"
        },
        ["libaesgm#31fecfc4"] = {
            repo = {
                branch = "master",
                commit = "be832f2cace05fd467886c91313ca5e7e5598dce",
                url = "https://github.com/xmake-io/xmake-repo.git"
            },
            version = "2013.1.1"
        },
        ["libcurl#31fecfc4"] = {
            repo = {
                branch = "master",
                commit = "92b0ee334f4c5a4857e050d8f20da8469214e3dd",
                url = "https://github.com/xmake-io/xmake-repo.git"
            },
            version = "8.4.0"
        },
        ["libiconv 1.17#31fecfc4"] = {
            repo = {
                branch = "master",
                commit = "be832f2cace05fd467886c91313ca5e7e5598dce",
                url = "https://github.com/xmake-io/xmake-repo.git"
            },
            version = "1.17"
        },
        ["libjpeg#31fecfc4"] = {
            repo = {
                branch = "master",
                commit = "be832f2cace05fd467886c91313ca5e7e5598dce",
                url = "https://github.com/xmake-io/xmake-repo.git"
            },
            version = "v9e"
        },
        ["libpng#31fecfc4"] = {
            repo = {
                branch = "master",
                commit = "be832f2cace05fd467886c91313ca5e7e5598dce",
                url = "https://github.com/xmake-io/xmake-repo.git"
            },
            version = "v1.6.37"
        },
        ["meson#31fecfc4"] = {
            repo = {
                branch = "master",
                commit = "e4a467ab6e25d9afa5324cf536141660a5c1eef4",
                url = "https://github.com/xmake-io/xmake-repo.git"
            },
            version = "1.1.1"
        },
        ["nasm#31fecfc4"] = {
            repo = {
                branch = "master",
                commit = "1f4d14948b1b00faecead19965d96c5babfe3696",
                url = "https://github.com/xmake-io/xmake-repo.git"
            },
            version = "2.16.01"
        },
        ["ninja#31fecfc4"] = {
            repo = {
                branch = "master",
                commit = "e4a467ab6e25d9afa5324cf536141660a5c1eef4",
                url = "https://github.com/xmake-io/xmake-repo.git"
            },
            version = "1.11.1"
        },
        ["openssl#31fecfc4"] = {
            repo = {
                branch = "master",
                commit = "1f4d14948b1b00faecead19965d96c5babfe3696",
                url = "https://github.com/xmake-io/xmake-repo.git"
            },
            version = "1.1.1-w"
        },
        ["python 3.x#31fecfc4"] = {
            repo = {
                branch = "master",
                commit = "e4a467ab6e25d9afa5324cf536141660a5c1eef4",
                url = "https://github.com/xmake-io/xmake-repo.git"
            },
            version = "3.11.3"
        },
        ["qt6base#31fecfc4"] = {
            repo = {
                branch = "master",
                commit = "bf40fc940bdd335a7fd809499bb75030aadb0451",
                url = "https://github.com/xmake-io/xmake-repo.git"
            },
            version = "6.5.3"
        },
        ["qt6core#31fecfc4"] = {
            repo = {
                branch = "master",
                commit = "bf40fc940bdd335a7fd809499bb75030aadb0451",
                url = "https://github.com/xmake-io/xmake-repo.git"
            },
            version = "6.5.3"
        },
        ["qt6gui#31fecfc4"] = {
            repo = {
                branch = "master",
                commit = "bf40fc940bdd335a7fd809499bb75030aadb0451",
                url = "https://github.com/xmake-io/xmake-repo.git"
            },
            version = "6.5.3"
        },
        ["qt6widgets 6.5.3#31fecfc4"] = {
            repo = {
                branch = "master",
                commit = "bf40fc940bdd335a7fd809499bb75030aadb0451",
                url = "https://github.com/xmake-io/xmake-repo.git"
            },
            version = "6.5.3"
        },
        ["s7 20230413#31fecfc4"] = {
            version = "20230413"
        },
        ["strawberry-perl#31fecfc4"] = {
            repo = {
                branch = "master",
                commit = "1f4d14948b1b00faecead19965d96c5babfe3696",
                url = "https://github.com/xmake-io/xmake-repo.git"
            },
            version = "5.32.0+1"
        },
        ["tbox#31fecfc4"] = {
            repo = {
                branch = "master",
                commit = "a95478f88df8223612315fa4c448f273a623c4c3",
                url = "https://github.com/xmake-io/xmake-repo.git"
            },
            version = "v1.7.5"
        }
    }
}