{
    __meta__ = {
        version = "1.0"
    },
    ["windows|x64"] = {
        ["aqt#31fecfc4"] = {
            repo = {
                branch = "master",
                commit = "3ed70159b1c327b0f2ddddd18fc9b9213520648c",
                url = "https://github.com/xmake-io/xmake-repo.git"
            },
            version = "3.1.6"
        },
        ["cmake#31fecfc4"] = {
            repo = {
                branch = "master",
                commit = "3ed70159b1c327b0f2ddddd18fc9b9213520648c",
                url = "https://github.com/xmake-io/xmake-repo.git"
            },
            version = "3.27.3"
        },
        ["cpr#31fecfc4"] = {
            repo = {
                url = "xmake"
            },
            version = "1.10.5"
        },
        ["freetype#31fecfc4"] = {
            repo = {
                commit = "95b91eb9af1b0c60ec8ee351281e8733d1495263",
                url = "xmake"
            },
            version = "2.12.1"
        },
        ["libaesgm#31fecfc4"] = {
            repo = {
                branch = "master",
                commit = "95b91eb9af1b0c60ec8ee351281e8733d1495263",
                url = "https://github.com/xmake-io/xmake-repo.git"
            },
            version = "2013.1.1"
        },
        ["libcurl#31fecfc4"] = {
            repo = {
                branch = "master",
                commit = "3ed70159b1c327b0f2ddddd18fc9b9213520648c",
                url = "https://github.com/xmake-io/xmake-repo.git"
            },
            version = "8.4.0"
        },
        ["libgit2 1.7.1#31fecfc4"] = {
            repo = {
                url = "xmake"
            },
            version = "v1.7.1"
        },
        ["libiconv 1.17#31fecfc4"] = {
            repo = {
                branch = "master",
                commit = "95b91eb9af1b0c60ec8ee351281e8733d1495263",
                url = "https://github.com/xmake-io/xmake-repo.git"
            },
            version = "1.17"
        },
        ["libjpeg#31fecfc4"] = {
            repo = {
                branch = "master",
                commit = "95b91eb9af1b0c60ec8ee351281e8733d1495263",
                url = "https://github.com/xmake-io/xmake-repo.git"
            },
            version = "v9e"
        },
        ["libpng#31fecfc4"] = {
            repo = {
                branch = "master",
                commit = "95b91eb9af1b0c60ec8ee351281e8733d1495263",
                url = "https://github.com/xmake-io/xmake-repo.git"
            },
            version = "v1.6.37"
        },
        ["lolly#31fecfc4"] = {
            repo = {
                url = "xmake"
            },
            version = "1.4.21"
        },
        ["mimalloc#31fecfc4"] = {
            repo = {
                url = "xmake"
            },
            version = "2.1.2"
        },
        ["moebius#31fecfc4"] = {
            repo = {
                url = "xmake"
            },
            version = "0.1.18"
        },
        ["openssl#31fecfc4"] = {
            repo = {
                branch = "master",
                commit = "3ed70159b1c327b0f2ddddd18fc9b9213520648c",
                url = "https://github.com/xmake-io/xmake-repo.git"
            },
            version = "1.1.1-w"
        },
        ["pdfhummus 4.6.2#23149c54"] = {
            repo = {
                url = "xmake"
            },
            version = "4.6.2"
        },
        ["pkgconf#31fecfc4"] = {
            repo = {
                branch = "master",
                commit = "3ed70159b1c327b0f2ddddd18fc9b9213520648c",
                url = "https://github.com/xmake-io/xmake-repo.git"
            },
            version = "2.0.3"
        },
        ["qt6base#31fecfc4"] = {
            repo = {
                branch = "master",
                commit = "3ed70159b1c327b0f2ddddd18fc9b9213520648c",
                url = "https://github.com/xmake-io/xmake-repo.git"
            },
            version = "6.5.3"
        },
        ["qt6core#31fecfc4"] = {
            repo = {
                branch = "master",
                commit = "3ed70159b1c327b0f2ddddd18fc9b9213520648c",
                url = "https://github.com/xmake-io/xmake-repo.git"
            },
            version = "6.5.3"
        },
        ["qt6gui#31fecfc4"] = {
            repo = {
                branch = "master",
                commit = "3ed70159b1c327b0f2ddddd18fc9b9213520648c",
                url = "https://github.com/xmake-io/xmake-repo.git"
            },
            version = "6.5.3"
        },
        ["qt6widgets 6.5.3#31fecfc4"] = {
            repo = {
                branch = "master",
                commit = "3ed70159b1c327b0f2ddddd18fc9b9213520648c",
                url = "https://github.com/xmake-io/xmake-repo.git"
            },
            version = "6.5.3"
        },
        ["s7 20230413#31fecfc4"] = {
            repo = {
                url = "xmake"
            },
            version = "20230413"
        },
        ["tbox#31fecfc4"] = {
            repo = {
                branch = "master",
                commit = "3ed70159b1c327b0f2ddddd18fc9b9213520648c",
                url = "https://github.com/xmake-io/xmake-repo.git"
            },
            version = "v1.7.5"
        },
        ["zlib#31fecfc4"] = {
            repo = {
                url = "xmake"
            },
            version = "1.2.11"
        }
    }
}